
Microsoft Visual Studio Solution File, Format Version 12.00
# Visual Studio Version 17
VisualStudioVersion = 17.7.34031.279
MinimumVisualStudioVersion = 10.0.40219.1
Project("{FAE04EC0-301F-11D3-BF4B-00C04F79EFBC}") = "FillModeSample", "FillModeSample\FillModeSample.csproj", "{DEAAF892-A27B-43F9-B035-A4E1D3C328EE}"
EndProject
Global
	GlobalSection(SolutionConfigurationPlatforms) = preSolution
		Debug|Any CPU = Debug|Any CPU
		Release|Any CPU = Release|Any CPU
	EndGlobalSection
	GlobalSection(ProjectConfigurationPlatforms) = postSolution
		{DEAAF892-A27B-43F9-B035-A4E1D3C328EE}.Debug|Any CPU.ActiveCfg = Debug|Any CPU
		{DEAAF892-A27B-43F9-B035-A4E1D3C328EE}.Debug|Any CPU.Build.0 = Debug|Any CPU
		{DEAAF892-A27B-43F9-B035-A4E1D3C328EE}.Release|Any CPU.ActiveCfg = Release|Any CPU
		{DEAAF892-A27B-43F9-B035-A4E1D3C328EE}.Release|Any CPU.Build.0 = Release|Any CPU
	EndGlobalSection
	GlobalSection(SolutionProperties) = preSolution
		HideSolutionNode = FALSE
	EndGlobalSection
	GlobalSection(ExtensibilityGlobals) = postSolution
		SolutionGuid = {543EAF0B-7F22-4BEF-A6D6-DD25387C9068}
	EndGlobalSection
EndGlobal
